
Microsoft Visual Studio Solution File, Format Version 12.00
# Visual Studio Version 16
VisualStudioVersion = 16.0.31424.327
MinimumVisualStudioVersion = 10.0.40219.1
Project("{9A19103F-16F7-4668-BE54-9A1E7A4F7556}") = "InfinityAZ", "InfinityAZ\InfinityAZ.csproj", "{8BA3A307-21E0-439F-A9A6-8C0240DC0645}"
EndProject
Project("{FAE04EC0-301F-11D3-BF4B-00C04F79EFBC}") = "WebAPIQuickStart", "WebAPIQuickStart\WebAPIQuickStart.csproj", "{DFDB7BE4-2B42-415E-A71D-55C22142CB04}"
EndProject
Global
	GlobalSection(SolutionConfigurationPlatforms) = preSolution
		Debug|Any CPU = Debug|Any CPU
		Release|Any CPU = Release|Any CPU
	EndGlobalSection
	GlobalSection(ProjectConfigurationPlatforms) = postSolution
		{8BA3A307-21E0-439F-A9A6-8C0240DC0645}.Debug|Any CPU.ActiveCfg = Debug|Any CPU
		{8BA3A307-21E0-439F-A9A6-8C0240DC0645}.Debug|Any CPU.Build.0 = Debug|Any CPU
		{8BA3A307-21E0-439F-A9A6-8C0240DC0645}.Release|Any CPU.ActiveCfg = Release|Any CPU
		{8BA3A307-21E0-439F-A9A6-8C0240DC0645}.Release|Any CPU.Build.0 = Release|Any CPU
		{DFDB7BE4-2B42-415E-A71D-55C22142CB04}.Debug|Any CPU.ActiveCfg = Debug|Any CPU
		{DFDB7BE4-2B42-415E-A71D-55C22142CB04}.Debug|Any CPU.Build.0 = Debug|Any CPU
		{DFDB7BE4-2B42-415E-A71D-55C22142CB04}.Release|Any CPU.ActiveCfg = Release|Any CPU
		{DFDB7BE4-2B42-415E-A71D-55C22142CB04}.Release|Any CPU.Build.0 = Release|Any CPU
	EndGlobalSection
	GlobalSection(SolutionProperties) = preSolution
		HideSolutionNode = FALSE
	EndGlobalSection
	GlobalSection(ExtensibilityGlobals) = postSolution
		SolutionGuid = {3361A11C-593F-45A3-8225-7862E8564AD0}
	EndGlobalSection
EndGlobal
